{
  "version": 4,
  "terraform_version": "1.4.4",
  "serial": 22,
  "lineage": "41336460-d91b-ace5-2dca-8b0527d883b9",
  "outputs": {},
  "resources": [
    {
      "mode": "data",
      "type": "aws_ami",
      "name": "amazon_linux_ami",
      "provider": "provider[\"registry.terraform.io/hashicorp/aws\"]",
      "instances": [
        {
          "schema_version": 0,
          "attributes": {
            "architecture": "x86_64",
            "arn": "arn:aws:ec2:us-east-1::image/ami-0babef7f814da8951",
            "block_device_mappings": [
              {
                "device_name": "/dev/xvda",
                "ebs": {
                  "delete_on_termination": "true",
                  "encrypted": "false",
                  "iops": "0",
                  "snapshot_id": "snap-06f63f41429f72c9d",
                  "throughput": "0",
                  "volume_size": "8",
                  "volume_type": "gp2"
                },
                "no_device": "",
                "virtual_name": ""
              }
            ],
            "boot_mode": "",
            "creation_date": "2024-05-04T01:19:39.000Z",
            "deprecation_time": "2025-07-01T00:00:00.000Z",
            "description": "Amazon Linux 2 AMI 2.0.20240503.0 x86_64 HVM gp2",
            "ena_support": true,
            "executable_users": null,
            "filter": [
              {
                "name": "name",
                "values": [
                  "amzn2-ami-hvm-*-x86_64-gp2"
                ]
              },
              {
                "name": "owner-alias",
                "values": [
                  "amazon"
                ]
              }
            ],
            "hypervisor": "xen",
            "id": "ami-0babef7f814da8951",
            "image_id": "ami-0babef7f814da8951",
            "image_location": "amazon/amzn2-ami-hvm-2.0.20240503.0-x86_64-gp2",
            "image_owner_alias": "amazon",
            "image_type": "machine",
            "imds_support": "",
            "include_deprecated": false,
            "kernel_id": "",
            "most_recent": true,
            "name": "amzn2-ami-hvm-2.0.20240503.0-x86_64-gp2",
            "name_regex": null,
            "owner_id": "137112412989",
            "owners": null,
            "platform": "",
            "platform_details": "Linux/UNIX",
            "product_codes": [],
            "public": true,
            "ramdisk_id": "",
            "root_device_name": "/dev/xvda",
            "root_device_type": "ebs",
            "root_snapshot_id": "snap-06f63f41429f72c9d",
            "sriov_net_support": "simple",
            "state": "available",
            "state_reason": {
              "code": "UNSET",
              "message": "UNSET"
            },
            "tags": {},
            "timeouts": null,
            "tpm_support": "",
            "usage_operation": "RunInstances",
            "virtualization_type": "hvm"
          },
          "sensitive_attributes": []
        }
      ]
    },
    {
      "mode": "managed",
      "type": "aws_instance",
      "name": "server_pri",
      "provider": "provider[\"registry.terraform.io/hashicorp/aws\"]",
      "instances": [
        {
          "schema_version": 1,
          "attributes": {
            "ami": "ami-0babef7f814da8951",
            "arn": "arn:aws:ec2:us-east-1:339713111531:instance/i-0c105a369224f26be",
            "associate_public_ip_address": false,
            "availability_zone": "us-east-1b",
            "capacity_reservation_specification": [
              {
                "capacity_reservation_preference": "open",
                "capacity_reservation_target": []
              }
            ],
            "cpu_core_count": 1,
            "cpu_options": [
              {
                "amd_sev_snp": "",
                "core_count": 1,
                "threads_per_core": 1
              }
            ],
            "cpu_threads_per_core": 1,
            "credit_specification": [
              {
                "cpu_credits": "standard"
              }
            ],
            "disable_api_stop": false,
            "disable_api_termination": false,
            "ebs_block_device": [],
            "ebs_optimized": false,
            "enclave_options": [
              {
                "enabled": false
              }
            ],
            "ephemeral_block_device": [],
            "get_password_data": false,
            "hibernation": false,
            "host_id": "",
            "host_resource_group_arn": null,
            "iam_instance_profile": "",
            "id": "i-0c105a369224f26be",
            "instance_initiated_shutdown_behavior": "stop",
            "instance_lifecycle": "",
            "instance_market_options": [],
            "instance_state": "running",
            "instance_type": "t2.micro",
            "ipv6_address_count": 0,
            "ipv6_addresses": [],
            "key_name": "key_pri_snet",
            "launch_template": [],
            "maintenance_options": [
              {
                "auto_recovery": "default"
              }
            ],
            "metadata_options": [
              {
                "http_endpoint": "enabled",
                "http_protocol_ipv6": "disabled",
                "http_put_response_hop_limit": 1,
                "http_tokens": "optional",
                "instance_metadata_tags": "disabled"
              }
            ],
            "monitoring": false,
            "network_interface": [],
            "outpost_arn": "",
            "password_data": "",
            "placement_group": "",
            "placement_partition_number": 0,
            "primary_network_interface_id": "eni-05eff5db1823e4e06",
            "private_dns": "ip-10-0-2-245.ec2.internal",
            "private_dns_name_options": [
              {
                "enable_resource_name_dns_a_record": false,
                "enable_resource_name_dns_aaaa_record": false,
                "hostname_type": "ip-name"
              }
            ],
            "private_ip": "10.0.2.245",
            "public_dns": "",
            "public_ip": "",
            "root_block_device": [
              {
                "delete_on_termination": true,
                "device_name": "/dev/xvda",
                "encrypted": false,
                "iops": 100,
                "kms_key_id": "",
                "tags": {},
                "tags_all": {},
                "throughput": 0,
                "volume_id": "vol-0f7f3bb76242fd4c8",
                "volume_size": 8,
                "volume_type": "gp2"
              }
            ],
            "secondary_private_ips": [],
            "security_groups": [
              "sg-0bdad21badadf5858"
            ],
            "source_dest_check": true,
            "spot_instance_request_id": "",
            "subnet_id": "subnet-04a857f1df2a786ec",
            "tags": {
              "Name": "PrivateInstance"
            },
            "tags_all": {
              "Name": "PrivateInstance"
            },
            "tenancy": "default",
            "timeouts": null,
            "user_data": null,
            "user_data_base64": null,
            "user_data_replace_on_change": false,
            "volume_tags": null,
            "vpc_security_group_ids": [
              "sg-0bdad21badadf5858"
            ]
          },
          "sensitive_attributes": [],
          "private": "eyJlMmJmYjczMC1lY2FhLTExZTYtOGY4OC0zNDM2M2JjN2M0YzAiOnsiY3JlYXRlIjo2MDAwMDAwMDAwMDAsImRlbGV0ZSI6MTIwMDAwMDAwMDAwMCwicmVhZCI6OTAwMDAwMDAwMDAwLCJ1cGRhdGUiOjYwMDAwMDAwMDAwMH0sInNjaGVtYV92ZXJzaW9uIjoiMSJ9",
          "dependencies": [
            "aws_security_group.sg",
            "aws_subnet.private_subnet",
            "data.aws_ami.amazon_linux_ami"
          ]
        }
      ]
    },
    {
      "mode": "managed",
      "type": "aws_instance",
      "name": "server_pub",
      "provider": "provider[\"registry.terraform.io/hashicorp/aws\"]",
      "instances": [
        {
          "schema_version": 1,
          "attributes": {
            "ami": "ami-0babef7f814da8951",
            "arn": "arn:aws:ec2:us-east-1:339713111531:instance/i-0d3ee27b4cced3e8e",
            "associate_public_ip_address": true,
            "availability_zone": "us-east-1a",
            "capacity_reservation_specification": [
              {
                "capacity_reservation_preference": "open",
                "capacity_reservation_target": []
              }
            ],
            "cpu_core_count": 1,
            "cpu_options": [
              {
                "amd_sev_snp": "",
                "core_count": 1,
                "threads_per_core": 1
              }
            ],
            "cpu_threads_per_core": 1,
            "credit_specification": [
              {
                "cpu_credits": "standard"
              }
            ],
            "disable_api_stop": false,
            "disable_api_termination": false,
            "ebs_block_device": [],
            "ebs_optimized": false,
            "enclave_options": [
              {
                "enabled": false
              }
            ],
            "ephemeral_block_device": [],
            "get_password_data": false,
            "hibernation": false,
            "host_id": "",
            "host_resource_group_arn": null,
            "iam_instance_profile": "",
            "id": "i-0d3ee27b4cced3e8e",
            "instance_initiated_shutdown_behavior": "stop",
            "instance_lifecycle": "",
            "instance_market_options": [],
            "instance_state": "running",
            "instance_type": "t2.micro",
            "ipv6_address_count": 0,
            "ipv6_addresses": [],
            "key_name": "key_pub_snet",
            "launch_template": [],
            "maintenance_options": [
              {
                "auto_recovery": "default"
              }
            ],
            "metadata_options": [
              {
                "http_endpoint": "enabled",
                "http_protocol_ipv6": "disabled",
                "http_put_response_hop_limit": 1,
                "http_tokens": "optional",
                "instance_metadata_tags": "disabled"
              }
            ],
            "monitoring": false,
            "network_interface": [],
            "outpost_arn": "",
            "password_data": "",
            "placement_group": "",
            "placement_partition_number": 0,
            "primary_network_interface_id": "eni-09bf27974060e35f4",
            "private_dns": "ip-10-0-1-31.ec2.internal",
            "private_dns_name_options": [
              {
                "enable_resource_name_dns_a_record": false,
                "enable_resource_name_dns_aaaa_record": false,
                "hostname_type": "ip-name"
              }
            ],
            "private_ip": "10.0.1.31",
            "public_dns": "",
            "public_ip": "44.203.119.1",
            "root_block_device": [
              {
                "delete_on_termination": true,
                "device_name": "/dev/xvda",
                "encrypted": false,
                "iops": 100,
                "kms_key_id": "",
                "tags": {},
                "tags_all": {},
                "throughput": 0,
                "volume_id": "vol-0cfd62a1b44f204ab",
                "volume_size": 8,
                "volume_type": "gp2"
              }
            ],
            "secondary_private_ips": [],
            "security_groups": [
              "sg-0bdad21badadf5858"
            ],
            "source_dest_check": true,
            "spot_instance_request_id": "",
            "subnet_id": "subnet-070ca89d3b72d215a",
            "tags": {
              "Name": "PublicInstance"
            },
            "tags_all": {
              "Name": "PublicInstance"
            },
            "tenancy": "default",
            "timeouts": null,
            "user_data": null,
            "user_data_base64": null,
            "user_data_replace_on_change": false,
            "volume_tags": null,
            "vpc_security_group_ids": [
              "sg-0bdad21badadf5858"
            ]
          },
          "sensitive_attributes": [],
          "private": "eyJlMmJmYjczMC1lY2FhLTExZTYtOGY4OC0zNDM2M2JjN2M0YzAiOnsiY3JlYXRlIjo2MDAwMDAwMDAwMDAsImRlbGV0ZSI6MTIwMDAwMDAwMDAwMCwicmVhZCI6OTAwMDAwMDAwMDAwLCJ1cGRhdGUiOjYwMDAwMDAwMDAwMH0sInNjaGVtYV92ZXJzaW9uIjoiMSJ9",
          "dependencies": [
            "aws_security_group.sg",
            "aws_subnet.public_subnet",
            "data.aws_ami.amazon_linux_ami"
          ]
        }
      ]
    },
    {
      "mode": "managed",
      "type": "aws_internet_gateway",
      "name": "demo_IGW",
      "provider": "provider[\"registry.terraform.io/hashicorp/aws\"]",
      "instances": [
        {
          "schema_version": 0,
          "attributes": {
            "arn": "arn:aws:ec2:us-east-1:339713111531:internet-gateway/igw-02c993cb47f8fa102",
            "id": "igw-02c993cb47f8fa102",
            "owner_id": "339713111531",
            "tags": {
              "Name": "demo_IGW"
            },
            "tags_all": {
              "Name": "demo_IGW"
            },
            "timeouts": null,
            "vpc_id": "vpc-097d864260a9c99d0"
          },
          "sensitive_attributes": [],
          "private": "eyJlMmJmYjczMC1lY2FhLTExZTYtOGY4OC0zNDM2M2JjN2M0YzAiOnsiY3JlYXRlIjoxMjAwMDAwMDAwMDAwLCJkZWxldGUiOjEyMDAwMDAwMDAwMDAsInVwZGF0ZSI6MTIwMDAwMDAwMDAwMH19",
          "dependencies": [
            "aws_vpc.demo_vpc"
          ]
        }
      ]
    },
    {
      "mode": "managed",
      "type": "aws_key_pair",
      "name": "key_pair_pri_snet",
      "provider": "provider[\"registry.terraform.io/hashicorp/aws\"]",
      "instances": [
        {
          "schema_version": 1,
          "attributes": {
            "arn": "arn:aws:ec2:us-east-1:339713111531:key-pair/key_pri_snet",
            "fingerprint": "ac:53:85:b0:61:2c:1a:0c:bc:ed:a5:8d:79:0b:af:82",
            "id": "key_pri_snet",
            "key_name": "key_pri_snet",
            "key_name_prefix": "",
            "key_pair_id": "key-0518bfc9dac78261c",
            "key_type": "rsa",
            "public_key": "ssh-rsa AAAAB3NzaC1yc2EAAAADAQABAAABAQC3RBNdJxNzLqNhiRtKEFTy/MxNtpJdHrfk6/AROHR7T6S60+KblBRFiaLRycOzfK7M2E7R7JK533pDL9fpNfZeXZzdk2xhS7g2+/KFBTgBVHh8b+Gr6GlPjevc8zMUnNWm+sJcB/QEjBSxZ1BvSWxUdoFqLwMdV+m7MBNF+VdJlHeBnpZq1hrTSSU+r8xh2QVfPlXlOQah9PmA5FxnoTWY41SOn4a/E5Xot5sEcmbyQ5UrfrlZTaMP3EpUxaURrIYvW01aGSWPSQQOBc4GMwkxwJVrzDQtoVa3f8COmFjsD9pTY3M/yzdGOwygowSwb1Dtt2lDsNhhnvqAgcGFMDCT",
            "tags": {},
            "tags_all": {}
          },
          "sensitive_attributes": [],
          "private": "eyJzY2hlbWFfdmVyc2lvbiI6IjEifQ==",
          "dependencies": [
            "tls_private_key.key_for_pri_snet"
          ]
        }
      ]
    },
    {
      "mode": "managed",
      "type": "aws_key_pair",
      "name": "key_pair_pub_snet",
      "provider": "provider[\"registry.terraform.io/hashicorp/aws\"]",
      "instances": [
        {
          "schema_version": 1,
          "attributes": {
            "arn": "arn:aws:ec2:us-east-1:339713111531:key-pair/key_pub_snet",
            "fingerprint": "c6:96:43:f3:f6:44:3a:e8:ec:0d:37:75:4f:45:43:b8",
            "id": "key_pub_snet",
            "key_name": "key_pub_snet",
            "key_name_prefix": "",
            "key_pair_id": "key-0588ab19bcb5c8da0",
            "key_type": "rsa",
            "public_key": "ssh-rsa AAAAB3NzaC1yc2EAAAADAQABAAABAQDMW0d3kDwvywnpKZGgFvD8JepYMMRFUiVWmm3wXJCVTkepA6GsQSBpRzm6fott5nr2ZPBkvjpfV1nAI8/sewJ6plMyGg2mo5fiQ6HEpmMUDMctQGiQ/C1EkGDkMXyZYs2APpvp0oUis2SvM4jFcpOkO1eCkku7JXcCDzJNwopwwBK4iO7GFKzZzzWg9b4Jwf38IScfKihIlSj3HYkjyLS8AqqJBFFnM/x+9KUmkjUmUb7pLRkmmynRLXjoDedlkFhsZ0IkyRX4UNaCQKDER9jJBcjIm/xE35wGS1IGk3Gj6iIzKNrjN8YNM9I34GNJxkFQXHY67JQJf+kfl77qxLPp",
            "tags": {},
            "tags_all": {}
          },
          "sensitive_attributes": [],
          "private": "eyJzY2hlbWFfdmVyc2lvbiI6IjEifQ==",
          "dependencies": [
            "tls_private_key.key_for_pub_snet"
          ]
        }
      ]
    },
    {
      "mode": "managed",
      "type": "aws_route",
      "name": "default_route",
      "provider": "provider[\"registry.terraform.io/hashicorp/aws\"]",
      "instances": [
        {
          "schema_version": 0,
          "attributes": {
            "carrier_gateway_id": "",
            "core_network_arn": "",
            "destination_cidr_block": "0.0.0.0/0",
            "destination_ipv6_cidr_block": "",
            "destination_prefix_list_id": "",
            "egress_only_gateway_id": "",
            "gateway_id": "igw-02c993cb47f8fa102",
            "id": "r-rtb-0c9452024e2169aaf1080289494",
            "instance_id": "",
            "instance_owner_id": "",
            "local_gateway_id": "",
            "nat_gateway_id": "",
            "network_interface_id": "",
            "origin": "CreateRoute",
            "route_table_id": "rtb-0c9452024e2169aaf",
            "state": "active",
            "timeouts": null,
            "transit_gateway_id": "",
            "vpc_endpoint_id": "",
            "vpc_peering_connection_id": ""
          },
          "sensitive_attributes": [],
          "private": "eyJlMmJmYjczMC1lY2FhLTExZTYtOGY4OC0zNDM2M2JjN2M0YzAiOnsiY3JlYXRlIjozMDAwMDAwMDAwMDAsImRlbGV0ZSI6MzAwMDAwMDAwMDAwLCJ1cGRhdGUiOjEyMDAwMDAwMDAwMH19",
          "dependencies": [
            "aws_internet_gateway.demo_IGW",
            "aws_route_table.my_route_table",
            "aws_vpc.demo_vpc"
          ]
        }
      ]
    },
    {
      "mode": "managed",
      "type": "aws_route_table",
      "name": "my_route_table",
      "provider": "provider[\"registry.terraform.io/hashicorp/aws\"]",
      "instances": [
        {
          "schema_version": 0,
          "attributes": {
            "arn": "arn:aws:ec2:us-east-1:339713111531:route-table/rtb-0c9452024e2169aaf",
            "id": "rtb-0c9452024e2169aaf",
            "owner_id": "339713111531",
            "propagating_vgws": [],
            "route": [
              {
                "carrier_gateway_id": "",
                "cidr_block": "0.0.0.0/0",
                "core_network_arn": "",
                "destination_prefix_list_id": "",
                "egress_only_gateway_id": "",
                "gateway_id": "igw-02c993cb47f8fa102",
                "ipv6_cidr_block": "",
                "local_gateway_id": "",
                "nat_gateway_id": "",
                "network_interface_id": "",
                "transit_gateway_id": "",
                "vpc_endpoint_id": "",
                "vpc_peering_connection_id": ""
              }
            ],
            "tags": {
              "Name": "routing table for pulic subnet"
            },
            "tags_all": {
              "Name": "routing table for pulic subnet"
            },
            "timeouts": null,
            "vpc_id": "vpc-097d864260a9c99d0"
          },
          "sensitive_attributes": [],
          "private": "eyJlMmJmYjczMC1lY2FhLTExZTYtOGY4OC0zNDM2M2JjN2M0YzAiOnsiY3JlYXRlIjozMDAwMDAwMDAwMDAsImRlbGV0ZSI6MzAwMDAwMDAwMDAwLCJ1cGRhdGUiOjEyMDAwMDAwMDAwMH19",
          "dependencies": [
            "aws_vpc.demo_vpc"
          ]
        }
      ]
    },
    {
      "mode": "managed",
      "type": "aws_route_table_association",
      "name": "public_route_assicate",
      "provider": "provider[\"registry.terraform.io/hashicorp/aws\"]",
      "instances": [
        {
          "schema_version": 0,
          "attributes": {
            "gateway_id": "",
            "id": "rtbassoc-090514ebad0ce411f",
            "route_table_id": "rtb-0c9452024e2169aaf",
            "subnet_id": "subnet-070ca89d3b72d215a",
            "timeouts": null
          },
          "sensitive_attributes": [],
          "private": "eyJlMmJmYjczMC1lY2FhLTExZTYtOGY4OC0zNDM2M2JjN2M0YzAiOnsiY3JlYXRlIjozMDAwMDAwMDAwMDAsImRlbGV0ZSI6MzAwMDAwMDAwMDAwLCJ1cGRhdGUiOjEyMDAwMDAwMDAwMH19",
          "dependencies": [
            "aws_route_table.my_route_table",
            "aws_subnet.public_subnet",
            "aws_vpc.demo_vpc"
          ]
        }
      ]
    },
    {
      "mode": "managed",
      "type": "aws_security_group",
      "name": "sg",
      "provider": "provider[\"registry.terraform.io/hashicorp/aws\"]",
      "instances": [
        {
          "schema_version": 1,
          "attributes": {
            "arn": "arn:aws:ec2:us-east-1:339713111531:security-group/sg-0bdad21badadf5858",
            "description": "Used for access to the public instances",
            "egress": [
              {
                "cidr_blocks": [
                  "0.0.0.0/0"
                ],
                "description": "",
                "from_port": 0,
                "ipv6_cidr_blocks": [],
                "prefix_list_ids": [],
                "protocol": "-1",
                "security_groups": [],
                "self": false,
                "to_port": 0
              }
            ],
            "id": "sg-0bdad21badadf5858",
            "ingress": [
              {
                "cidr_blocks": [
                  "0.0.0.0/0"
                ],
                "description": "Allow SSH traffic",
                "from_port": 22,
                "ipv6_cidr_blocks": [],
                "prefix_list_ids": [],
                "protocol": "tcp",
                "security_groups": [],
                "self": false,
                "to_port": 22
              }
            ],
            "name": "sg",
            "name_prefix": "",
            "owner_id": "339713111531",
            "revoke_rules_on_delete": false,
            "tags": {
              "Name": "Terraform-SecurityGroup"
            },
            "tags_all": {
              "Name": "Terraform-SecurityGroup"
            },
            "timeouts": null,
            "vpc_id": "vpc-097d864260a9c99d0"
          },
          "sensitive_attributes": [],
          "private": "eyJlMmJmYjczMC1lY2FhLTExZTYtOGY4OC0zNDM2M2JjN2M0YzAiOnsiY3JlYXRlIjo2MDAwMDAwMDAwMDAsImRlbGV0ZSI6OTAwMDAwMDAwMDAwfSwic2NoZW1hX3ZlcnNpb24iOiIxIn0=",
          "dependencies": [
            "aws_vpc.demo_vpc"
          ]
        }
      ]
    },
    {
      "mode": "managed",
      "type": "aws_subnet",
      "name": "private_subnet",
      "provider": "provider[\"registry.terraform.io/hashicorp/aws\"]",
      "instances": [
        {
          "schema_version": 1,
          "attributes": {
            "arn": "arn:aws:ec2:us-east-1:339713111531:subnet/subnet-04a857f1df2a786ec",
            "assign_ipv6_address_on_creation": false,
            "availability_zone": "us-east-1b",
            "availability_zone_id": "use1-az4",
            "cidr_block": "10.0.2.0/24",
            "customer_owned_ipv4_pool": "",
            "enable_dns64": false,
            "enable_lni_at_device_index": 0,
            "enable_resource_name_dns_a_record_on_launch": false,
            "enable_resource_name_dns_aaaa_record_on_launch": false,
            "id": "subnet-04a857f1df2a786ec",
            "ipv6_cidr_block": "",
            "ipv6_cidr_block_association_id": "",
            "ipv6_native": false,
            "map_customer_owned_ip_on_launch": false,
            "map_public_ip_on_launch": false,
            "outpost_arn": "",
            "owner_id": "339713111531",
            "private_dns_hostname_type_on_launch": "ip-name",
            "tags": {
              "Name": "private_subnet"
            },
            "tags_all": {
              "Name": "private_subnet"
            },
            "timeouts": null,
            "vpc_id": "vpc-097d864260a9c99d0"
          },
          "sensitive_attributes": [],
          "private": "eyJlMmJmYjczMC1lY2FhLTExZTYtOGY4OC0zNDM2M2JjN2M0YzAiOnsiY3JlYXRlIjo2MDAwMDAwMDAwMDAsImRlbGV0ZSI6MTIwMDAwMDAwMDAwMH0sInNjaGVtYV92ZXJzaW9uIjoiMSJ9",
          "dependencies": [
            "aws_vpc.demo_vpc"
          ]
        }
      ]
    },
    {
      "mode": "managed",
      "type": "aws_subnet",
      "name": "public_subnet",
      "provider": "provider[\"registry.terraform.io/hashicorp/aws\"]",
      "instances": [
        {
          "schema_version": 1,
          "attributes": {
            "arn": "arn:aws:ec2:us-east-1:339713111531:subnet/subnet-070ca89d3b72d215a",
            "assign_ipv6_address_on_creation": false,
            "availability_zone": "us-east-1a",
            "availability_zone_id": "use1-az2",
            "cidr_block": "10.0.1.0/24",
            "customer_owned_ipv4_pool": "",
            "enable_dns64": false,
            "enable_lni_at_device_index": 0,
            "enable_resource_name_dns_a_record_on_launch": false,
            "enable_resource_name_dns_aaaa_record_on_launch": false,
            "id": "subnet-070ca89d3b72d215a",
            "ipv6_cidr_block": "",
            "ipv6_cidr_block_association_id": "",
            "ipv6_native": false,
            "map_customer_owned_ip_on_launch": false,
            "map_public_ip_on_launch": true,
            "outpost_arn": "",
            "owner_id": "339713111531",
            "private_dns_hostname_type_on_launch": "ip-name",
            "tags": {
              "Name": "public_subnet"
            },
            "tags_all": {
              "Name": "public_subnet"
            },
            "timeouts": null,
            "vpc_id": "vpc-097d864260a9c99d0"
          },
          "sensitive_attributes": [],
          "private": "eyJlMmJmYjczMC1lY2FhLTExZTYtOGY4OC0zNDM2M2JjN2M0YzAiOnsiY3JlYXRlIjo2MDAwMDAwMDAwMDAsImRlbGV0ZSI6MTIwMDAwMDAwMDAwMH0sInNjaGVtYV92ZXJzaW9uIjoiMSJ9",
          "dependencies": [
            "aws_vpc.demo_vpc"
          ]
        }
      ]
    },
    {
      "mode": "managed",
      "type": "aws_vpc",
      "name": "demo_vpc",
      "provider": "provider[\"registry.terraform.io/hashicorp/aws\"]",
      "instances": [
        {
          "schema_version": 1,
          "attributes": {
            "arn": "arn:aws:ec2:us-east-1:339713111531:vpc/vpc-097d864260a9c99d0",
            "assign_generated_ipv6_cidr_block": false,
            "cidr_block": "10.0.0.0/16",
            "default_network_acl_id": "acl-0c461855001f19650",
            "default_route_table_id": "rtb-0ae2d24486957d975",
            "default_security_group_id": "sg-0ad55e1ba24b49c70",
            "dhcp_options_id": "dopt-055b58ca10809235f",
            "enable_dns_hostnames": false,
            "enable_dns_support": true,
            "enable_network_address_usage_metrics": false,
            "id": "vpc-097d864260a9c99d0",
            "instance_tenancy": "default",
            "ipv4_ipam_pool_id": null,
            "ipv4_netmask_length": null,
            "ipv6_association_id": "",
            "ipv6_cidr_block": "",
            "ipv6_cidr_block_network_border_group": "",
            "ipv6_ipam_pool_id": "",
            "ipv6_netmask_length": 0,
            "main_route_table_id": "rtb-0ae2d24486957d975",
            "owner_id": "339713111531",
            "tags": {},
            "tags_all": {}
          },
          "sensitive_attributes": [],
          "private": "eyJzY2hlbWFfdmVyc2lvbiI6IjEifQ=="
        }
      ]
    },
    {
      "mode": "managed",
      "type": "local_file",
      "name": "key_pri_snet",
      "provider": "provider[\"registry.terraform.io/hashicorp/local\"]",
      "instances": [
        {
          "schema_version": 0,
          "attributes": {
            "content": "-----BEGIN RSA PRIVATE KEY-----\nMIIEpQIBAAKCAQEAt0QTXScTcy6jYYkbShBU8vzMTbaSXR635OvwETh0e0+kutPi\nm5QURYmi0cnDs3yuzNhO0eySud96Qy/X6TX2Xl2c3ZNsYUu4NvvyhQU4AVR4fG/h\nq+hpT43r3PMzFJzVpvrCXAf0BIwUsWdQb0lsVHaBai8DHVfpuzATRflXSZR3gZ6W\natYa00klPq/MYdkFXz5V5TkGofT5gORcZ6E1mONUjp+GvxOV6LebBHJm8kOVK365\nWU2jD9xKVMWlEayGL1tNWhklj0kEDgXOBjMJMcCVa8w0LaFWt3/AjphY7A/aU2Nz\nP8s3RjsMoKMEsG9Q7bdpQ7DYYZ76gIHBhTAwkwIDAQABAoIBAQCr4zG2QRxBABFF\nPe9WfBLxBKIqkX6d0F3yXEiCHk1CCuUaRflYqn6I6hrIYVEoW10nzAnBYv4LT8vA\nkHMVzQMSZwLl34vbhcV17MD+enKY7L1FGTq0nfuIHjiGt6PFRYQuZSs+XkdErI4M\nBjau6lKstamUChwFvZr/covhKYfw/bT2Y36ymr8xsqwowwdSiUjpF9/i+DLM6KG+\nX7eA20sfGeV+LDu+GEChhV4NJ9BTet9zL0C2NGH8ruuNkaNYmv8+zhpKBEZRuULQ\nK3ZyzXkXQOpwd7gouzIA6tBA+0NCaSgQbvIpuQ7oLCLm4NMVkcPTiUfZ2D8po5wV\n5k2cuPmBAoGBANoe1p0wPe9JPieFA7yNFkF7+nkzK0OgonVMrC1deWkZ40v+EaxR\n3crulT9Hz8vS5tsHdf3fPl4U9imR/xRxXZ7iSffNREQfMygJEE7uDVA2TWG437A4\neupJZJ1/uTAdfRiMw8xnFGk2gZExiFx8GUWTfIocdtuTuuMR8ef83MpRAoGBANcX\nrh04bDdIMtCyuonJIVdPh3XlrgxIqKqGJIjt/W9UHY0FSzE6MzdNvN9/57OdQhf9\nSl6YrKnhMLFo2FHYcIWr3m+nhn+OtN46pEXHFannGdXrUpD7ruIgQTb3bzWcXHAj\nyQnqTy7P7JzbMHjmPB30idJUUn0jTqLDGMXP7q+jAoGBAIS6j05HtOiPYUsbHhL2\np7xhfSGTiZg1f6ZxabSRVPgn0LDFgmuhxZ1fYWKIiGI3jFNsTtiVqJYHm2Pge6As\n/BNbEDfCqO/rLG4IVewx39gXsy7sGPJa7DD1SEyvFDm7OAxgXCVd9IWxrVZ1Fc1x\nls9H2FkSySEE3Iygttu8e36BAoGBAJ2Bqq+dHKmSxhtLdgvl6/NaupBcA4rdPh25\nI1HeLOL0Trtwr/I5cz3BQFjN+ebudnLIuUfyNyYjUBvp8dZlT2ijRbyviW8pGktN\n1/N86OFE6QdcTlb65sKR6g+NO7Ofb5VyrwoCub9G5Tarz6AIwOcSpkYOF2WpkDDh\n+ucH7/pPAoGAY1GTl8HaUsEox3d1LsNtUS+v9XQ9VXoDdv82YEHGppkSWXgAgZ7Q\nl0ssMyq5p4y1dC/eqWzemcJMzex4f1Jgahz++Ww6zr6g9q31pNnRHhf8rKXyMzW7\nLkf0W3qvDWWRrBCFh47ulGc7S3Xr8NHG80DbBMkquUlO6IGPal+sW7A=\n-----END RSA PRIVATE KEY-----\n",
            "content_base64": null,
            "content_base64sha256": "K8As5uvSR/Rl9rYLKroPHJOVtfiyegF22nIwjFpvDE8=",
            "content_base64sha512": "NsSYf0BnW5Y9mw+fRUiI3t4psvCIvgQg9J7mtMk6zauXxdg3zUTbuNEAWywSQOYi+imkFMtpE09c8hgRgdhNBQ==",
            "content_md5": "7020b3e7f993bc3dfa1f8b85f62c1d38",
            "content_sha1": "6b28ac5751a2a137ebee0f4a5a66a2877bbd49e7",
            "content_sha256": "2bc02ce6ebd247f465f6b60b2aba0f1c9395b5f8b27a0176da72308c5a6f0c4f",
            "content_sha512": "36c4987f40675b963d9b0f9f454888dede29b2f088be0420f49ee6b4c93acdab97c5d837cd44dbb8d1005b2c1240e622fa29a414cb69134f5cf2181181d84d05",
            "directory_permission": "0777",
            "file_permission": "0777",
            "filename": "key_pri_snet.pem",
            "id": "6b28ac5751a2a137ebee0f4a5a66a2877bbd49e7",
            "sensitive_content": null,
            "source": null
          },
          "sensitive_attributes": [
            [
              {
                "type": "get_attr",
                "value": "content"
              }
            ]
          ],
          "dependencies": [
            "tls_private_key.key_for_pri_snet"
          ]
        }
      ]
    },
    {
      "mode": "managed",
      "type": "local_file",
      "name": "key_pub_snet",
      "provider": "provider[\"registry.terraform.io/hashicorp/local\"]",
      "instances": [
        {
          "schema_version": 0,
          "attributes": {
            "content": "-----BEGIN RSA PRIVATE KEY-----\nMIIEowIBAAKCAQEAzFtHd5A8L8sJ6SmRoBbw/CXqWDDERVIlVppt8FyQlU5HqQOh\nrEEgaUc5un6LbeZ69mTwZL46X1dZwCPP7HsCeqZTMhoNpqOX4kOhxKZjFAzHLUBo\nkPwtRJBg5DF8mWLNgD6b6dKFIrNkrzOIxXKTpDtXgpJLuyV3Ag8yTcKKcMASuIju\nxhSs2c81oPW+CcH9/CEnHyooSJUo9x2JI8i0vAKqiQRRZzP8fvSlJpI1JlG+6S0Z\nJpsp0S146A3nZZBYbGdCJMkV+FDWgkCgxEfYyQXIyJv8RN+cBktSBpNxo+oiMyja\n4zfGDTPSN+BjScZBUFx2OuyUCX/pH5e+6sSz6QIDAQABAoIBADPLBqf09Gwgh5iC\nopfyeI1Phr9nTLdNBI2YgjijHTnaJytc8kLYFsDX/neXzvrBqXR9TLgbxmuXlfWu\nneoPmyc+tGNEWyVa3QnJnlxa102jl2+OnXHxl/+CoCv1puCxO+g+9gEjC/8pfGEz\nLHzudyDusVU0guEhs7Hf7B3tKm08rREmvabMaVpR30sKu7pFoXjtYjDa1eX5sQED\nTPSzuHRC/ooHlC7xOvKAMbrJye+iL4GwmcExqG/ovV5yEPODSUrw+j6K6woO5fTB\nLHxx5uyDG+cQjug/BhEhbYgYDS8Blwc0Mon5KxQ+1n8VzhmTcoUeW4UXxwV5KOaF\n/OVSFokCgYEA5XJkIdk1h7Rd5N0WtvwN6UgVFB8COloDTR3bvjB1t69JJnDeCZfP\n3GkdE+J6V8AAUWmVbTy1JYexoHEFoSVaDoNG/ljoHAIoq1mYFzjh9ZGCU/EaPEP2\n59IXYZWM1DX8rsaERd/QpvTyNBE6vACfQOQxvxleN0JwQhSn9QC+b2sCgYEA5AGP\nwAwwTfJwhR9T9wo66ZoEkQognMH4+8W1mh+7d3xxODAZPQNusy94gAz0f2SXCxuI\nk3EizxcRLAsnenl7G6uAyjMvhkLRtG1Rj7ch5dSghI9O29Nxh8hyePjQxnDf8vcW\nyr0A4+OrpMeMRDGMKsxD28pNShv7Dkel2VZT4vsCgYA3u5yE+EzfZLl18RomYn1C\nkAbGt22EHP82SS1qOj0t2/8JvlrAu8Z6xHGSte1/yRyKqfno6dkaf6Zu0WVLqlYA\ntnSVLaVbwE5+qKmf4mpIiwq8NxFnWB7uWoLhakEl/uMc1Q2mJ2J4W4FFknXQ2tnU\nGlnXEGNpStMXygquIXsgdwKBgQCyY1Jf1Gl6osNMNC2Sa8uZ9ym5fK31V4IBIjeq\nZUdb/d3rMx6b8PKMeQiTTw+AGGhghWM+0FaGpiqGRhfWJ/Ocu3shOBjnt6Gww5L7\nmTGJSulnrWPqc60wqjB921Yk3C0rQAzyBBwNMJSbcJCazhU3audwr//2ipvLGV12\nBKfPPwKBgALkYYLWYj2pjPeYuh3lY69KAGsR17Zs8O9mkdAP8I0XWgVNIu7iHgVk\nilipHUIJdBPHGbKAAHG6eDJ/dd3O/IsBvup0A6sMzok+EpS19500JqM6uSMB1Xju\nGGpCK9w+RDDHLAsaptTdbNEq7G8mYLeqbewlJSJh+cgbM4qTx2nV\n-----END RSA PRIVATE KEY-----\n",
            "content_base64": null,
            "content_base64sha256": "jLciy/IXR/jEeFDeghu0XYHwiGPRE6zYnm0ad5CVo0E=",
            "content_base64sha512": "vw7eZO5Aff3qpMtIb9aRsTK+yZx8gxbkHcSFwoQnJyCjnddsjZGe29c5AV5rgas484yw+Q6olIIyky/MoVmz2Q==",
            "content_md5": "f45ad6d0c3de3d39b741e1b464549488",
            "content_sha1": "b43531a41814d155563fdd35c47b3d2b0970af6d",
            "content_sha256": "8cb722cbf21747f8c47850de821bb45d81f08863d113acd89e6d1a779095a341",
            "content_sha512": "bf0ede64ee407dfdeaa4cb486fd691b132bec99c7c8316e41dc485c284272720a39dd76c8d919edbd739015e6b81ab38f38cb0f90ea8948232932fcca159b3d9",
            "directory_permission": "0777",
            "file_permission": "0777",
            "filename": "key_pub_snet.pem",
            "id": "b43531a41814d155563fdd35c47b3d2b0970af6d",
            "sensitive_content": null,
            "source": null
          },
          "sensitive_attributes": [
            [
              {
                "type": "get_attr",
                "value": "content"
              }
            ]
          ],
          "dependencies": [
            "tls_private_key.key_for_pub_snet"
          ]
        }
      ]
    },
    {
      "mode": "managed",
      "type": "tls_private_key",
      "name": "key_for_pri_snet",
      "provider": "provider[\"registry.terraform.io/hashicorp/tls\"]",
      "instances": [
        {
          "schema_version": 1,
          "attributes": {
            "algorithm": "RSA",
            "ecdsa_curve": "P224",
            "id": "cdbb5e75daba041ced7a050345436d7381441dec",
            "private_key_openssh": "-----BEGIN OPENSSH PRIVATE KEY-----\nb3BlbnNzaC1rZXktdjEAAAAABG5vbmUAAAAEbm9uZQAAAAAAAAABAAABFwAAAAdz\nc2gtcnNhAAAAAwEAAQAAAQEAt0QTXScTcy6jYYkbShBU8vzMTbaSXR635OvwETh0\ne0+kutPim5QURYmi0cnDs3yuzNhO0eySud96Qy/X6TX2Xl2c3ZNsYUu4NvvyhQU4\nAVR4fG/hq+hpT43r3PMzFJzVpvrCXAf0BIwUsWdQb0lsVHaBai8DHVfpuzATRflX\nSZR3gZ6WatYa00klPq/MYdkFXz5V5TkGofT5gORcZ6E1mONUjp+GvxOV6LebBHJm\n8kOVK365WU2jD9xKVMWlEayGL1tNWhklj0kEDgXOBjMJMcCVa8w0LaFWt3/AjphY\n7A/aU2NzP8s3RjsMoKMEsG9Q7bdpQ7DYYZ76gIHBhTAwkwAAA7hVVfLKVVXyygAA\nAAdzc2gtcnNhAAABAQC3RBNdJxNzLqNhiRtKEFTy/MxNtpJdHrfk6/AROHR7T6S6\n0+KblBRFiaLRycOzfK7M2E7R7JK533pDL9fpNfZeXZzdk2xhS7g2+/KFBTgBVHh8\nb+Gr6GlPjevc8zMUnNWm+sJcB/QEjBSxZ1BvSWxUdoFqLwMdV+m7MBNF+VdJlHeB\nnpZq1hrTSSU+r8xh2QVfPlXlOQah9PmA5FxnoTWY41SOn4a/E5Xot5sEcmbyQ5Ur\nfrlZTaMP3EpUxaURrIYvW01aGSWPSQQOBc4GMwkxwJVrzDQtoVa3f8COmFjsD9pT\nY3M/yzdGOwygowSwb1Dtt2lDsNhhnvqAgcGFMDCTAAAAAwEAAQAAAQEAq+MxtkEc\nQQARRT3vVnwS8QSiKpF+ndBd8lxIgh5NQgrlGkX5WKp+iOoayGFRKFtdJ8wJwWL+\nC0/LwJBzFc0DEmcC5d+L24XFdezA/npymOy9RRk6tJ37iB44hrejxUWELmUrPl5H\nRKyODAY2rupSrLWplAocBb2a/3KL4SmH8P209mN+spq/MbKsKMMHUolI6Rff4vgy\nzOihvl+3gNtLHxnlfiw7vhhAoYVeDSfQU3rfcy9AtjRh/K7rjZGjWJr/Ps4aSgRG\nUblC0Ct2cs15F0DqcHe4KLsyAOrQQPtDQmkoEG7yKbkO6Cwi5uDTFZHD04lH2dg/\nKaOcFeZNnLj5gQAAAIBjUZOXwdpSwSjHd3Uuw21RL6/1dD1VegN2/zZgQcammRJZ\neACBntCXSywzKrmnjLV0L96pbN6ZwkzN7Hh/UmBqHP75bDrOvqD2rfWk2dEeF/ys\npfIzNbsuR/Rbeq8NZZGsEIWHju6UZztLdevw0cbzQNsEySq5SU7ogY9qX6xbsAAA\nAIEA2h7WnTA970k+J4UDvI0WQXv6eTMrQ6CidUysLV15aRnjS/4RrFHdyu6VP0fP\ny9Lm2wd1/d8+XhT2KZH/FHFdnuJJ981ERB8zKAkQTu4NUDZNYbjfsDh66klknX+5\nMB19GIzDzGcUaTaBkTGIXHwZRZN8ihx225O64xHx5/zcylEAAACBANcXrh04bDdI\nMtCyuonJIVdPh3XlrgxIqKqGJIjt/W9UHY0FSzE6MzdNvN9/57OdQhf9Sl6YrKnh\nMLFo2FHYcIWr3m+nhn+OtN46pEXHFannGdXrUpD7ruIgQTb3bzWcXHAjyQnqTy7P\n7JzbMHjmPB30idJUUn0jTqLDGMXP7q+jAAAAAAEC\n-----END OPENSSH PRIVATE KEY-----\n",
            "private_key_pem": "-----BEGIN RSA PRIVATE KEY-----\nMIIEpQIBAAKCAQEAt0QTXScTcy6jYYkbShBU8vzMTbaSXR635OvwETh0e0+kutPi\nm5QURYmi0cnDs3yuzNhO0eySud96Qy/X6TX2Xl2c3ZNsYUu4NvvyhQU4AVR4fG/h\nq+hpT43r3PMzFJzVpvrCXAf0BIwUsWdQb0lsVHaBai8DHVfpuzATRflXSZR3gZ6W\natYa00klPq/MYdkFXz5V5TkGofT5gORcZ6E1mONUjp+GvxOV6LebBHJm8kOVK365\nWU2jD9xKVMWlEayGL1tNWhklj0kEDgXOBjMJMcCVa8w0LaFWt3/AjphY7A/aU2Nz\nP8s3RjsMoKMEsG9Q7bdpQ7DYYZ76gIHBhTAwkwIDAQABAoIBAQCr4zG2QRxBABFF\nPe9WfBLxBKIqkX6d0F3yXEiCHk1CCuUaRflYqn6I6hrIYVEoW10nzAnBYv4LT8vA\nkHMVzQMSZwLl34vbhcV17MD+enKY7L1FGTq0nfuIHjiGt6PFRYQuZSs+XkdErI4M\nBjau6lKstamUChwFvZr/covhKYfw/bT2Y36ymr8xsqwowwdSiUjpF9/i+DLM6KG+\nX7eA20sfGeV+LDu+GEChhV4NJ9BTet9zL0C2NGH8ruuNkaNYmv8+zhpKBEZRuULQ\nK3ZyzXkXQOpwd7gouzIA6tBA+0NCaSgQbvIpuQ7oLCLm4NMVkcPTiUfZ2D8po5wV\n5k2cuPmBAoGBANoe1p0wPe9JPieFA7yNFkF7+nkzK0OgonVMrC1deWkZ40v+EaxR\n3crulT9Hz8vS5tsHdf3fPl4U9imR/xRxXZ7iSffNREQfMygJEE7uDVA2TWG437A4\neupJZJ1/uTAdfRiMw8xnFGk2gZExiFx8GUWTfIocdtuTuuMR8ef83MpRAoGBANcX\nrh04bDdIMtCyuonJIVdPh3XlrgxIqKqGJIjt/W9UHY0FSzE6MzdNvN9/57OdQhf9\nSl6YrKnhMLFo2FHYcIWr3m+nhn+OtN46pEXHFannGdXrUpD7ruIgQTb3bzWcXHAj\nyQnqTy7P7JzbMHjmPB30idJUUn0jTqLDGMXP7q+jAoGBAIS6j05HtOiPYUsbHhL2\np7xhfSGTiZg1f6ZxabSRVPgn0LDFgmuhxZ1fYWKIiGI3jFNsTtiVqJYHm2Pge6As\n/BNbEDfCqO/rLG4IVewx39gXsy7sGPJa7DD1SEyvFDm7OAxgXCVd9IWxrVZ1Fc1x\nls9H2FkSySEE3Iygttu8e36BAoGBAJ2Bqq+dHKmSxhtLdgvl6/NaupBcA4rdPh25\nI1HeLOL0Trtwr/I5cz3BQFjN+ebudnLIuUfyNyYjUBvp8dZlT2ijRbyviW8pGktN\n1/N86OFE6QdcTlb65sKR6g+NO7Ofb5VyrwoCub9G5Tarz6AIwOcSpkYOF2WpkDDh\n+ucH7/pPAoGAY1GTl8HaUsEox3d1LsNtUS+v9XQ9VXoDdv82YEHGppkSWXgAgZ7Q\nl0ssMyq5p4y1dC/eqWzemcJMzex4f1Jgahz++Ww6zr6g9q31pNnRHhf8rKXyMzW7\nLkf0W3qvDWWRrBCFh47ulGc7S3Xr8NHG80DbBMkquUlO6IGPal+sW7A=\n-----END RSA PRIVATE KEY-----\n",
            "private_key_pem_pkcs8": "-----BEGIN PRIVATE KEY-----\nMIIEvwIBADANBgkqhkiG9w0BAQEFAASCBKkwggSlAgEAAoIBAQC3RBNdJxNzLqNh\niRtKEFTy/MxNtpJdHrfk6/AROHR7T6S60+KblBRFiaLRycOzfK7M2E7R7JK533pD\nL9fpNfZeXZzdk2xhS7g2+/KFBTgBVHh8b+Gr6GlPjevc8zMUnNWm+sJcB/QEjBSx\nZ1BvSWxUdoFqLwMdV+m7MBNF+VdJlHeBnpZq1hrTSSU+r8xh2QVfPlXlOQah9PmA\n5FxnoTWY41SOn4a/E5Xot5sEcmbyQ5UrfrlZTaMP3EpUxaURrIYvW01aGSWPSQQO\nBc4GMwkxwJVrzDQtoVa3f8COmFjsD9pTY3M/yzdGOwygowSwb1Dtt2lDsNhhnvqA\ngcGFMDCTAgMBAAECggEBAKvjMbZBHEEAEUU971Z8EvEEoiqRfp3QXfJcSIIeTUIK\n5RpF+ViqfojqGshhUShbXSfMCcFi/gtPy8CQcxXNAxJnAuXfi9uFxXXswP56cpjs\nvUUZOrSd+4geOIa3o8VFhC5lKz5eR0SsjgwGNq7qUqy1qZQKHAW9mv9yi+Eph/D9\ntPZjfrKavzGyrCjDB1KJSOkX3+L4Mszoob5ft4DbSx8Z5X4sO74YQKGFXg0n0FN6\n33MvQLY0Yfyu642Ro1ia/z7OGkoERlG5QtArdnLNeRdA6nB3uCi7MgDq0ED7Q0Jp\nKBBu8im5DugsIubg0xWRw9OJR9nYPymjnBXmTZy4+YECgYEA2h7WnTA970k+J4UD\nvI0WQXv6eTMrQ6CidUysLV15aRnjS/4RrFHdyu6VP0fPy9Lm2wd1/d8+XhT2KZH/\nFHFdnuJJ981ERB8zKAkQTu4NUDZNYbjfsDh66klknX+5MB19GIzDzGcUaTaBkTGI\nXHwZRZN8ihx225O64xHx5/zcylECgYEA1xeuHThsN0gy0LK6ickhV0+HdeWuDEio\nqoYkiO39b1QdjQVLMTozN02833/ns51CF/1KXpisqeEwsWjYUdhwhaveb6eGf460\n3jqkRccVqecZ1etSkPuu4iBBNvdvNZxccCPJCepPLs/snNsweOY8HfSJ0lRSfSNO\nosMYxc/ur6MCgYEAhLqPTke06I9hSxseEvanvGF9IZOJmDV/pnFptJFU+CfQsMWC\na6HFnV9hYoiIYjeMU2xO2JWolgebY+B7oCz8E1sQN8Ko7+ssbghV7DHf2BezLuwY\n8lrsMPVITK8UObs4DGBcJV30hbGtVnUVzXGWz0fYWRLJIQTcjKC227x7foECgYEA\nnYGqr50cqZLGG0t2C+Xr81q6kFwDit0+HbkjUd4s4vROu3Cv8jlzPcFAWM355u52\ncsi5R/I3JiNQG+nx1mVPaKNFvK+JbykaS03X83zo4UTpB1xOVvrmwpHqD407s59v\nlXKvCgK5v0blNqvPoAjA5xKmRg4XZamQMOH65wfv+k8CgYBjUZOXwdpSwSjHd3Uu\nw21RL6/1dD1VegN2/zZgQcammRJZeACBntCXSywzKrmnjLV0L96pbN6ZwkzN7Hh/\nUmBqHP75bDrOvqD2rfWk2dEeF/yspfIzNbsuR/Rbeq8NZZGsEIWHju6UZztLdevw\n0cbzQNsEySq5SU7ogY9qX6xbsA==\n-----END PRIVATE KEY-----\n",
            "public_key_fingerprint_md5": "00:a1:bf:eb:a5:1f:e7:33:75:15:6c:04:98:51:b1:dc",
            "public_key_fingerprint_sha256": "SHA256:SVJMtNpbSSJL2nFgvD3LbQPD4+tHq5Hlcx1IxX4fKXQ",
            "public_key_openssh": "ssh-rsa AAAAB3NzaC1yc2EAAAADAQABAAABAQC3RBNdJxNzLqNhiRtKEFTy/MxNtpJdHrfk6/AROHR7T6S60+KblBRFiaLRycOzfK7M2E7R7JK533pDL9fpNfZeXZzdk2xhS7g2+/KFBTgBVHh8b+Gr6GlPjevc8zMUnNWm+sJcB/QEjBSxZ1BvSWxUdoFqLwMdV+m7MBNF+VdJlHeBnpZq1hrTSSU+r8xh2QVfPlXlOQah9PmA5FxnoTWY41SOn4a/E5Xot5sEcmbyQ5UrfrlZTaMP3EpUxaURrIYvW01aGSWPSQQOBc4GMwkxwJVrzDQtoVa3f8COmFjsD9pTY3M/yzdGOwygowSwb1Dtt2lDsNhhnvqAgcGFMDCT\n",
            "public_key_pem": "-----BEGIN PUBLIC KEY-----\nMIIBIjANBgkqhkiG9w0BAQEFAAOCAQ8AMIIBCgKCAQEAt0QTXScTcy6jYYkbShBU\n8vzMTbaSXR635OvwETh0e0+kutPim5QURYmi0cnDs3yuzNhO0eySud96Qy/X6TX2\nXl2c3ZNsYUu4NvvyhQU4AVR4fG/hq+hpT43r3PMzFJzVpvrCXAf0BIwUsWdQb0ls\nVHaBai8DHVfpuzATRflXSZR3gZ6WatYa00klPq/MYdkFXz5V5TkGofT5gORcZ6E1\nmONUjp+GvxOV6LebBHJm8kOVK365WU2jD9xKVMWlEayGL1tNWhklj0kEDgXOBjMJ\nMcCVa8w0LaFWt3/AjphY7A/aU2NzP8s3RjsMoKMEsG9Q7bdpQ7DYYZ76gIHBhTAw\nkwIDAQAB\n-----END PUBLIC KEY-----\n",
            "rsa_bits": 2048
          },
          "sensitive_attributes": []
        }
      ]
    },
    {
      "mode": "managed",
      "type": "tls_private_key",
      "name": "key_for_pub_snet",
      "provider": "provider[\"registry.terraform.io/hashicorp/tls\"]",
      "instances": [
        {
          "schema_version": 1,
          "attributes": {
            "algorithm": "RSA",
            "ecdsa_curve": "P224",
            "id": "a62c1a8dc5f5f96bcdf083e1baa308d687c3698e",
            "private_key_openssh": "-----BEGIN OPENSSH PRIVATE KEY-----\nb3BlbnNzaC1rZXktdjEAAAAABG5vbmUAAAAEbm9uZQAAAAAAAAABAAABFwAAAAdz\nc2gtcnNhAAAAAwEAAQAAAQEAzFtHd5A8L8sJ6SmRoBbw/CXqWDDERVIlVppt8FyQ\nlU5HqQOhrEEgaUc5un6LbeZ69mTwZL46X1dZwCPP7HsCeqZTMhoNpqOX4kOhxKZj\nFAzHLUBokPwtRJBg5DF8mWLNgD6b6dKFIrNkrzOIxXKTpDtXgpJLuyV3Ag8yTcKK\ncMASuIjuxhSs2c81oPW+CcH9/CEnHyooSJUo9x2JI8i0vAKqiQRRZzP8fvSlJpI1\nJlG+6S0ZJpsp0S146A3nZZBYbGdCJMkV+FDWgkCgxEfYyQXIyJv8RN+cBktSBpNx\no+oiMyja4zfGDTPSN+BjScZBUFx2OuyUCX/pH5e+6sSz6QAAA7gLCm5XCwpuVwAA\nAAdzc2gtcnNhAAABAQDMW0d3kDwvywnpKZGgFvD8JepYMMRFUiVWmm3wXJCVTkep\nA6GsQSBpRzm6fott5nr2ZPBkvjpfV1nAI8/sewJ6plMyGg2mo5fiQ6HEpmMUDMct\nQGiQ/C1EkGDkMXyZYs2APpvp0oUis2SvM4jFcpOkO1eCkku7JXcCDzJNwopwwBK4\niO7GFKzZzzWg9b4Jwf38IScfKihIlSj3HYkjyLS8AqqJBFFnM/x+9KUmkjUmUb7p\nLRkmmynRLXjoDedlkFhsZ0IkyRX4UNaCQKDER9jJBcjIm/xE35wGS1IGk3Gj6iIz\nKNrjN8YNM9I34GNJxkFQXHY67JQJf+kfl77qxLPpAAAAAwEAAQAAAQAzywan9PRs\nIIeYgqKX8niNT4a/Z0y3TQSNmII4ox052icrXPJC2BbA1/53l876wal0fUy4G8Zr\nl5X1rp3qD5snPrRjRFslWt0JyZ5cWtdNo5dvjp1x8Zf/gqAr9abgsTvoPvYBIwv/\nKXxhMyx87ncg7rFVNILhIbOx3+wd7SptPK0RJr2mzGlaUd9LCru6RaF47WIw2tXl\n+bEBA0z0s7h0Qv6KB5Qu8TrygDG6ycnvoi+BsJnBMahv6L1echDzg0lK8Po+iusK\nDuX0wSx8cebsgxvnEI7oPwYRIW2IGA0vAZcHNDKJ+SsUPtZ/Fc4Zk3KFHluFF8cF\neSjmhfzlUhaJAAAAgALkYYLWYj2pjPeYuh3lY69KAGsR17Zs8O9mkdAP8I0XWgVN\nIu7iHgVkilipHUIJdBPHGbKAAHG6eDJ/dd3O/IsBvup0A6sMzok+EpS19500JqM6\nuSMB1XjuGGpCK9w+RDDHLAsaptTdbNEq7G8mYLeqbewlJSJh+cgbM4qTx2nVAAAA\ngQDlcmQh2TWHtF3k3Ra2/A3pSBUUHwI6WgNNHdu+MHW3r0kmcN4Jl8/caR0T4npX\nwABRaZVtPLUlh7GgcQWhJVoOg0b+WOgcAiirWZgXOOH1kYJT8Ro8Q/bn0hdhlYzU\nNfyuxoRF39Cm9PI0ETq8AJ9A5DG/GV43QnBCFKf1AL5vawAAAIEA5AGPwAwwTfJw\nhR9T9wo66ZoEkQognMH4+8W1mh+7d3xxODAZPQNusy94gAz0f2SXCxuIk3EizxcR\nLAsnenl7G6uAyjMvhkLRtG1Rj7ch5dSghI9O29Nxh8hyePjQxnDf8vcWyr0A4+Or\npMeMRDGMKsxD28pNShv7Dkel2VZT4vsAAAAAAQID\n-----END OPENSSH PRIVATE KEY-----\n",
            "private_key_pem": "-----BEGIN RSA PRIVATE KEY-----\nMIIEowIBAAKCAQEAzFtHd5A8L8sJ6SmRoBbw/CXqWDDERVIlVppt8FyQlU5HqQOh\nrEEgaUc5un6LbeZ69mTwZL46X1dZwCPP7HsCeqZTMhoNpqOX4kOhxKZjFAzHLUBo\nkPwtRJBg5DF8mWLNgD6b6dKFIrNkrzOIxXKTpDtXgpJLuyV3Ag8yTcKKcMASuIju\nxhSs2c81oPW+CcH9/CEnHyooSJUo9x2JI8i0vAKqiQRRZzP8fvSlJpI1JlG+6S0Z\nJpsp0S146A3nZZBYbGdCJMkV+FDWgkCgxEfYyQXIyJv8RN+cBktSBpNxo+oiMyja\n4zfGDTPSN+BjScZBUFx2OuyUCX/pH5e+6sSz6QIDAQABAoIBADPLBqf09Gwgh5iC\nopfyeI1Phr9nTLdNBI2YgjijHTnaJytc8kLYFsDX/neXzvrBqXR9TLgbxmuXlfWu\nneoPmyc+tGNEWyVa3QnJnlxa102jl2+OnXHxl/+CoCv1puCxO+g+9gEjC/8pfGEz\nLHzudyDusVU0guEhs7Hf7B3tKm08rREmvabMaVpR30sKu7pFoXjtYjDa1eX5sQED\nTPSzuHRC/ooHlC7xOvKAMbrJye+iL4GwmcExqG/ovV5yEPODSUrw+j6K6woO5fTB\nLHxx5uyDG+cQjug/BhEhbYgYDS8Blwc0Mon5KxQ+1n8VzhmTcoUeW4UXxwV5KOaF\n/OVSFokCgYEA5XJkIdk1h7Rd5N0WtvwN6UgVFB8COloDTR3bvjB1t69JJnDeCZfP\n3GkdE+J6V8AAUWmVbTy1JYexoHEFoSVaDoNG/ljoHAIoq1mYFzjh9ZGCU/EaPEP2\n59IXYZWM1DX8rsaERd/QpvTyNBE6vACfQOQxvxleN0JwQhSn9QC+b2sCgYEA5AGP\nwAwwTfJwhR9T9wo66ZoEkQognMH4+8W1mh+7d3xxODAZPQNusy94gAz0f2SXCxuI\nk3EizxcRLAsnenl7G6uAyjMvhkLRtG1Rj7ch5dSghI9O29Nxh8hyePjQxnDf8vcW\nyr0A4+OrpMeMRDGMKsxD28pNShv7Dkel2VZT4vsCgYA3u5yE+EzfZLl18RomYn1C\nkAbGt22EHP82SS1qOj0t2/8JvlrAu8Z6xHGSte1/yRyKqfno6dkaf6Zu0WVLqlYA\ntnSVLaVbwE5+qKmf4mpIiwq8NxFnWB7uWoLhakEl/uMc1Q2mJ2J4W4FFknXQ2tnU\nGlnXEGNpStMXygquIXsgdwKBgQCyY1Jf1Gl6osNMNC2Sa8uZ9ym5fK31V4IBIjeq\nZUdb/d3rMx6b8PKMeQiTTw+AGGhghWM+0FaGpiqGRhfWJ/Ocu3shOBjnt6Gww5L7\nmTGJSulnrWPqc60wqjB921Yk3C0rQAzyBBwNMJSbcJCazhU3audwr//2ipvLGV12\nBKfPPwKBgALkYYLWYj2pjPeYuh3lY69KAGsR17Zs8O9mkdAP8I0XWgVNIu7iHgVk\nilipHUIJdBPHGbKAAHG6eDJ/dd3O/IsBvup0A6sMzok+EpS19500JqM6uSMB1Xju\nGGpCK9w+RDDHLAsaptTdbNEq7G8mYLeqbewlJSJh+cgbM4qTx2nV\n-----END RSA PRIVATE KEY-----\n",
            "private_key_pem_pkcs8": "-----BEGIN PRIVATE KEY-----\nMIIEvQIBADANBgkqhkiG9w0BAQEFAASCBKcwggSjAgEAAoIBAQDMW0d3kDwvywnp\nKZGgFvD8JepYMMRFUiVWmm3wXJCVTkepA6GsQSBpRzm6fott5nr2ZPBkvjpfV1nA\nI8/sewJ6plMyGg2mo5fiQ6HEpmMUDMctQGiQ/C1EkGDkMXyZYs2APpvp0oUis2Sv\nM4jFcpOkO1eCkku7JXcCDzJNwopwwBK4iO7GFKzZzzWg9b4Jwf38IScfKihIlSj3\nHYkjyLS8AqqJBFFnM/x+9KUmkjUmUb7pLRkmmynRLXjoDedlkFhsZ0IkyRX4UNaC\nQKDER9jJBcjIm/xE35wGS1IGk3Gj6iIzKNrjN8YNM9I34GNJxkFQXHY67JQJf+kf\nl77qxLPpAgMBAAECggEAM8sGp/T0bCCHmIKil/J4jU+Gv2dMt00EjZiCOKMdOdon\nK1zyQtgWwNf+d5fO+sGpdH1MuBvGa5eV9a6d6g+bJz60Y0RbJVrdCcmeXFrXTaOX\nb46dcfGX/4KgK/Wm4LE76D72ASML/yl8YTMsfO53IO6xVTSC4SGzsd/sHe0qbTyt\nESa9psxpWlHfSwq7ukWheO1iMNrV5fmxAQNM9LO4dEL+igeULvE68oAxusnJ76Iv\ngbCZwTGob+i9XnIQ84NJSvD6PorrCg7l9MEsfHHm7IMb5xCO6D8GESFtiBgNLwGX\nBzQyifkrFD7WfxXOGZNyhR5bhRfHBXko5oX85VIWiQKBgQDlcmQh2TWHtF3k3Ra2\n/A3pSBUUHwI6WgNNHdu+MHW3r0kmcN4Jl8/caR0T4npXwABRaZVtPLUlh7GgcQWh\nJVoOg0b+WOgcAiirWZgXOOH1kYJT8Ro8Q/bn0hdhlYzUNfyuxoRF39Cm9PI0ETq8\nAJ9A5DG/GV43QnBCFKf1AL5vawKBgQDkAY/ADDBN8nCFH1P3CjrpmgSRCiCcwfj7\nxbWaH7t3fHE4MBk9A26zL3iADPR/ZJcLG4iTcSLPFxEsCyd6eXsbq4DKMy+GQtG0\nbVGPtyHl1KCEj07b03GHyHJ4+NDGcN/y9xbKvQDj46ukx4xEMYwqzEPbyk1KG/sO\nR6XZVlPi+wKBgDe7nIT4TN9kuXXxGiZifUKQBsa3bYQc/zZJLWo6PS3b/wm+WsC7\nxnrEcZK17X/JHIqp+ejp2Rp/pm7RZUuqVgC2dJUtpVvATn6oqZ/iakiLCrw3EWdY\nHu5aguFqQSX+4xzVDaYnYnhbgUWSddDa2dQaWdcQY2lK0xfKCq4heyB3AoGBALJj\nUl/UaXqiw0w0LZJry5n3Kbl8rfVXggEiN6plR1v93eszHpvw8ox5CJNPD4AYaGCF\nYz7QVoamKoZGF9Yn85y7eyE4GOe3obDDkvuZMYlK6WetY+pzrTCqMH3bViTcLStA\nDPIEHA0wlJtwkJrOFTdq53Cv//aKm8sZXXYEp88/AoGAAuRhgtZiPamM95i6HeVj\nr0oAaxHXtmzw72aR0A/wjRdaBU0i7uIeBWSKWKkdQgl0E8cZsoAAcbp4Mn913c78\niwG+6nQDqwzOiT4SlLX3nTQmozq5IwHVeO4YakIr3D5EMMcsCxqm1N1s0SrsbyZg\nt6pt7CUlImH5yBszipPHadU=\n-----END PRIVATE KEY-----\n",
            "public_key_fingerprint_md5": "f1:ae:fc:10:4b:0a:85:f1:9c:ea:90:ec:eb:70:f2:bf",
            "public_key_fingerprint_sha256": "SHA256:okF3cBnCNBdYizlVSuI3qqbGhLidlS6wDp6KTK9S8AQ",
            "public_key_openssh": "ssh-rsa AAAAB3NzaC1yc2EAAAADAQABAAABAQDMW0d3kDwvywnpKZGgFvD8JepYMMRFUiVWmm3wXJCVTkepA6GsQSBpRzm6fott5nr2ZPBkvjpfV1nAI8/sewJ6plMyGg2mo5fiQ6HEpmMUDMctQGiQ/C1EkGDkMXyZYs2APpvp0oUis2SvM4jFcpOkO1eCkku7JXcCDzJNwopwwBK4iO7GFKzZzzWg9b4Jwf38IScfKihIlSj3HYkjyLS8AqqJBFFnM/x+9KUmkjUmUb7pLRkmmynRLXjoDedlkFhsZ0IkyRX4UNaCQKDER9jJBcjIm/xE35wGS1IGk3Gj6iIzKNrjN8YNM9I34GNJxkFQXHY67JQJf+kfl77qxLPp\n",
            "public_key_pem": "-----BEGIN PUBLIC KEY-----\nMIIBIjANBgkqhkiG9w0BAQEFAAOCAQ8AMIIBCgKCAQEAzFtHd5A8L8sJ6SmRoBbw\n/CXqWDDERVIlVppt8FyQlU5HqQOhrEEgaUc5un6LbeZ69mTwZL46X1dZwCPP7HsC\neqZTMhoNpqOX4kOhxKZjFAzHLUBokPwtRJBg5DF8mWLNgD6b6dKFIrNkrzOIxXKT\npDtXgpJLuyV3Ag8yTcKKcMASuIjuxhSs2c81oPW+CcH9/CEnHyooSJUo9x2JI8i0\nvAKqiQRRZzP8fvSlJpI1JlG+6S0ZJpsp0S146A3nZZBYbGdCJMkV+FDWgkCgxEfY\nyQXIyJv8RN+cBktSBpNxo+oiMyja4zfGDTPSN+BjScZBUFx2OuyUCX/pH5e+6sSz\n6QIDAQAB\n-----END PUBLIC KEY-----\n",
            "rsa_bits": 2048
          },
          "sensitive_attributes": []
        }
      ]
    }
  ],
  "check_results": null
}
